
Microsoft Visual Studio Solution File, Format Version 12.00
# Visual Studio Version 17
VisualStudioVersion = 17.12.35707.178 d17.12
MinimumVisualStudioVersion = 10.0.40219.1
Project("{2150E333-8FDC-42A3-9474-1A3956D46DE8}") = "Microservices", "Microservices", "{0F71B3D6-EB3F-4F5D-AA81-54A7F418D23D}"
EndProject
Project("{2150E333-8FDC-42A3-9474-1A3956D46DE8}") = "Domain", "Domain", "{FFAD0756-AFC7-490A-87EB-42748CE695D2}"
EndProject
Project("{2150E333-8FDC-42A3-9474-1A3956D46DE8}") = "Infra.Bus", "Infra.Bus", "{CD1DBF01-40AB-4A19-B798-2678DA983304}"
EndProject
Project("{2150E333-8FDC-42A3-9474-1A3956D46DE8}") = "Infra.IoC", "Infra.IoC", "{ADEDA363-CAB2-43D1-8D9B-9E06F3C1CA69}"
EndProject
Project("{2150E333-8FDC-42A3-9474-1A3956D46DE8}") = "Presentation", "Presentation", "{0BBCA350-3754-44E4-A971-C2D640260252}"
EndProject
Project("{FAE04EC0-301F-11D3-BF4B-00C04F79EFBC}") = "MicroserviceForRabbitMQ.Domain.Core", "MicroserviceForRabbitMQ.Domain.Core\MicroserviceForRabbitMQ.Domain.Core.csproj", "{60248C08-01F0-4001-9768-3627D075E7B9}"
EndProject
Project("{FAE04EC0-301F-11D3-BF4B-00C04F79EFBC}") = "MicroserviceForRabbitMQ.Infra.Bus", "MicroserviceForRabbitMQ.Infra.Bus\MicroserviceForRabbitMQ.Infra.Bus.csproj", "{C0C96A7B-B286-4D6E-902D-747A423DA39D}"
EndProject
Project("{FAE04EC0-301F-11D3-BF4B-00C04F79EFBC}") = "MicroserviceForRabbitMQ.Infra.IoC", "MicroserviceForRabbitMQ.Infra.IoC\MicroserviceForRabbitMQ.Infra.IoC.csproj", "{E8E62CB2-DC41-4605-B83A-52AF10640791}"
EndProject
Project("{2150E333-8FDC-42A3-9474-1A3956D46DE8}") = "Banking", "Banking", "{13555338-89D8-4662-8140-B107CFEA1A7B}"
EndProject
Project("{2150E333-8FDC-42A3-9474-1A3956D46DE8}") = "Api", "Api", "{E16BE114-B6F8-4454-B095-A4EF97B9023B}"
EndProject
Project("{2150E333-8FDC-42A3-9474-1A3956D46DE8}") = "Domain", "Domain", "{FC3B16D0-D233-4D9F-82D8-9B85FD7D5454}"
EndProject
Project("{2150E333-8FDC-42A3-9474-1A3956D46DE8}") = "Application", "Application", "{9C527B2A-BE56-429F-B609-8BD3F2B7CF06}"
EndProject
Project("{2150E333-8FDC-42A3-9474-1A3956D46DE8}") = "Data", "Data", "{8564EC90-9FCD-4AA5-9AD3-AFA8D6B99E9E}"
EndProject
Project("{FAE04EC0-301F-11D3-BF4B-00C04F79EFBC}") = "MicroserviceForRabbitMQ.Banking.API", "MicroserviceForRabbitMQ.Banking.API\MicroserviceForRabbitMQ.Banking.API.csproj", "{451B206C-51C9-4206-974F-023665952530}"
EndProject
Project("{FAE04EC0-301F-11D3-BF4B-00C04F79EFBC}") = "MicroserviceForRabbitMQ.Banking.Application", "MicroserviceForRabbitMQ.Banking.Application\MicroserviceForRabbitMQ.Banking.Application.csproj", "{37F6AE3F-DC2D-4583-B6FE-BF29B04DEEF7}"
EndProject
Project("{FAE04EC0-301F-11D3-BF4B-00C04F79EFBC}") = "MicroserviceForRabbitMQ.Banking.Data", "MicroserviceForRabbitMQ.Banking.Data\MicroserviceForRabbitMQ.Banking.Data.csproj", "{6D65180C-B738-4E2E-A33D-9698F3AC337D}"
EndProject
Project("{FAE04EC0-301F-11D3-BF4B-00C04F79EFBC}") = "MicroserviceForRabbitMQ.Banking.Domain", "MicroserviceForRabbitMQ.Banking.Domain\MicroserviceForRabbitMQ.Banking.Domain.csproj", "{0020EFBA-8E2E-42CF-8EB5-01B62CF18047}"
EndProject
Project("{2150E333-8FDC-42A3-9474-1A3956D46DE8}") = "Transfer", "Transfer", "{FCC45474-0213-4425-A7ED-8F17BCECEAF5}"
EndProject
Project("{2150E333-8FDC-42A3-9474-1A3956D46DE8}") = "Api", "Api", "{D0F9762A-98D6-42E3-AECD-90B21614241F}"
EndProject
Project("{2150E333-8FDC-42A3-9474-1A3956D46DE8}") = "Application", "Application", "{4841B7BC-893A-470F-9409-956EBD72FC30}"
EndProject
Project("{2150E333-8FDC-42A3-9474-1A3956D46DE8}") = "Data", "Data", "{09B0FCC3-0E4E-49A5-9C90-3486FF87E8E3}"
EndProject
Project("{2150E333-8FDC-42A3-9474-1A3956D46DE8}") = "Domain", "Domain", "{28AE6AAD-5E28-4F8A-93E9-62FB2C78369C}"
EndProject
Project("{FAE04EC0-301F-11D3-BF4B-00C04F79EFBC}") = "MicroserviceForRabbitMQ.Transfer.Api", "MicroserviceForRabbitMQ.Transfer.Api\MicroserviceForRabbitMQ.Transfer.Api.csproj", "{F4210F4B-09E6-451B-B9F7-D2C1B8ED3538}"
EndProject
Project("{FAE04EC0-301F-11D3-BF4B-00C04F79EFBC}") = "MicroserviceForRabbitMQ.Transfer.Application", "MicroserviceForRabbitMQ.Transfer.Application\MicroserviceForRabbitMQ.Transfer.Application.csproj", "{CF23BCAC-11FD-4C20-B27A-60AD9C204B7E}"
EndProject
Project("{FAE04EC0-301F-11D3-BF4B-00C04F79EFBC}") = "MicroserviceForRabbitMQ.Transfer.Data", "MicroserviceForRabbitMQ.Transfer.Data\MicroserviceForRabbitMQ.Transfer.Data.csproj", "{BCA5F03F-59FF-4D1E-B0F8-33CA46F5A5F7}"
EndProject
Project("{FAE04EC0-301F-11D3-BF4B-00C04F79EFBC}") = "MicroserviceForRabbitMQ.Transfer.Domain", "MicroserviceForRabbitMQ.Transfer.Domain\MicroserviceForRabbitMQ.Transfer.Domain.csproj", "{0AE888E8-38C6-4126-AA06-5558459190C9}"
EndProject
Global
	GlobalSection(SolutionConfigurationPlatforms) = preSolution
		Debug|Any CPU = Debug|Any CPU
		Release|Any CPU = Release|Any CPU
	EndGlobalSection
	GlobalSection(ProjectConfigurationPlatforms) = postSolution
		{60248C08-01F0-4001-9768-3627D075E7B9}.Debug|Any CPU.ActiveCfg = Debug|Any CPU
		{60248C08-01F0-4001-9768-3627D075E7B9}.Debug|Any CPU.Build.0 = Debug|Any CPU
		{60248C08-01F0-4001-9768-3627D075E7B9}.Release|Any CPU.ActiveCfg = Release|Any CPU
		{60248C08-01F0-4001-9768-3627D075E7B9}.Release|Any CPU.Build.0 = Release|Any CPU
		{C0C96A7B-B286-4D6E-902D-747A423DA39D}.Debug|Any CPU.ActiveCfg = Debug|Any CPU
		{C0C96A7B-B286-4D6E-902D-747A423DA39D}.Debug|Any CPU.Build.0 = Debug|Any CPU
		{C0C96A7B-B286-4D6E-902D-747A423DA39D}.Release|Any CPU.ActiveCfg = Release|Any CPU
		{C0C96A7B-B286-4D6E-902D-747A423DA39D}.Release|Any CPU.Build.0 = Release|Any CPU
		{E8E62CB2-DC41-4605-B83A-52AF10640791}.Debug|Any CPU.ActiveCfg = Debug|Any CPU
		{E8E62CB2-DC41-4605-B83A-52AF10640791}.Debug|Any CPU.Build.0 = Debug|Any CPU
		{E8E62CB2-DC41-4605-B83A-52AF10640791}.Release|Any CPU.ActiveCfg = Release|Any CPU
		{E8E62CB2-DC41-4605-B83A-52AF10640791}.Release|Any CPU.Build.0 = Release|Any CPU
		{451B206C-51C9-4206-974F-023665952530}.Debug|Any CPU.ActiveCfg = Debug|Any CPU
		{451B206C-51C9-4206-974F-023665952530}.Debug|Any CPU.Build.0 = Debug|Any CPU
		{451B206C-51C9-4206-974F-023665952530}.Release|Any CPU.ActiveCfg = Release|Any CPU
		{451B206C-51C9-4206-974F-023665952530}.Release|Any CPU.Build.0 = Release|Any CPU
		{37F6AE3F-DC2D-4583-B6FE-BF29B04DEEF7}.Debug|Any CPU.ActiveCfg = Debug|Any CPU
		{37F6AE3F-DC2D-4583-B6FE-BF29B04DEEF7}.Debug|Any CPU.Build.0 = Debug|Any CPU
		{37F6AE3F-DC2D-4583-B6FE-BF29B04DEEF7}.Release|Any CPU.ActiveCfg = Release|Any CPU
		{37F6AE3F-DC2D-4583-B6FE-BF29B04DEEF7}.Release|Any CPU.Build.0 = Release|Any CPU
		{6D65180C-B738-4E2E-A33D-9698F3AC337D}.Debug|Any CPU.ActiveCfg = Debug|Any CPU
		{6D65180C-B738-4E2E-A33D-9698F3AC337D}.Debug|Any CPU.Build.0 = Debug|Any CPU
		{6D65180C-B738-4E2E-A33D-9698F3AC337D}.Release|Any CPU.ActiveCfg = Release|Any CPU
		{6D65180C-B738-4E2E-A33D-9698F3AC337D}.Release|Any CPU.Build.0 = Release|Any CPU
		{0020EFBA-8E2E-42CF-8EB5-01B62CF18047}.Debug|Any CPU.ActiveCfg = Debug|Any CPU
		{0020EFBA-8E2E-42CF-8EB5-01B62CF18047}.Debug|Any CPU.Build.0 = Debug|Any CPU
		{0020EFBA-8E2E-42CF-8EB5-01B62CF18047}.Release|Any CPU.ActiveCfg = Release|Any CPU
		{0020EFBA-8E2E-42CF-8EB5-01B62CF18047}.Release|Any CPU.Build.0 = Release|Any CPU
		{F4210F4B-09E6-451B-B9F7-D2C1B8ED3538}.Debug|Any CPU.ActiveCfg = Debug|Any CPU
		{F4210F4B-09E6-451B-B9F7-D2C1B8ED3538}.Debug|Any CPU.Build.0 = Debug|Any CPU
		{F4210F4B-09E6-451B-B9F7-D2C1B8ED3538}.Release|Any CPU.ActiveCfg = Release|Any CPU
		{F4210F4B-09E6-451B-B9F7-D2C1B8ED3538}.Release|Any CPU.Build.0 = Release|Any CPU
		{CF23BCAC-11FD-4C20-B27A-60AD9C204B7E}.Debug|Any CPU.ActiveCfg = Debug|Any CPU
		{CF23BCAC-11FD-4C20-B27A-60AD9C204B7E}.Debug|Any CPU.Build.0 = Debug|Any CPU
		{CF23BCAC-11FD-4C20-B27A-60AD9C204B7E}.Release|Any CPU.ActiveCfg = Release|Any CPU
		{CF23BCAC-11FD-4C20-B27A-60AD9C204B7E}.Release|Any CPU.Build.0 = Release|Any CPU
		{BCA5F03F-59FF-4D1E-B0F8-33CA46F5A5F7}.Debug|Any CPU.ActiveCfg = Debug|Any CPU
		{BCA5F03F-59FF-4D1E-B0F8-33CA46F5A5F7}.Debug|Any CPU.Build.0 = Debug|Any CPU
		{BCA5F03F-59FF-4D1E-B0F8-33CA46F5A5F7}.Release|Any CPU.ActiveCfg = Release|Any CPU
		{BCA5F03F-59FF-4D1E-B0F8-33CA46F5A5F7}.Release|Any CPU.Build.0 = Release|Any CPU
		{0AE888E8-38C6-4126-AA06-5558459190C9}.Debug|Any CPU.ActiveCfg = Debug|Any CPU
		{0AE888E8-38C6-4126-AA06-5558459190C9}.Debug|Any CPU.Build.0 = Debug|Any CPU
		{0AE888E8-38C6-4126-AA06-5558459190C9}.Release|Any CPU.ActiveCfg = Release|Any CPU
		{0AE888E8-38C6-4126-AA06-5558459190C9}.Release|Any CPU.Build.0 = Release|Any CPU
	EndGlobalSection
	GlobalSection(SolutionProperties) = preSolution
		HideSolutionNode = FALSE
	EndGlobalSection
	GlobalSection(NestedProjects) = preSolution
		{60248C08-01F0-4001-9768-3627D075E7B9} = {FFAD0756-AFC7-490A-87EB-42748CE695D2}
		{C0C96A7B-B286-4D6E-902D-747A423DA39D} = {CD1DBF01-40AB-4A19-B798-2678DA983304}
		{E8E62CB2-DC41-4605-B83A-52AF10640791} = {ADEDA363-CAB2-43D1-8D9B-9E06F3C1CA69}
		{13555338-89D8-4662-8140-B107CFEA1A7B} = {0F71B3D6-EB3F-4F5D-AA81-54A7F418D23D}
		{E16BE114-B6F8-4454-B095-A4EF97B9023B} = {13555338-89D8-4662-8140-B107CFEA1A7B}
		{FC3B16D0-D233-4D9F-82D8-9B85FD7D5454} = {13555338-89D8-4662-8140-B107CFEA1A7B}
		{9C527B2A-BE56-429F-B609-8BD3F2B7CF06} = {13555338-89D8-4662-8140-B107CFEA1A7B}
		{8564EC90-9FCD-4AA5-9AD3-AFA8D6B99E9E} = {13555338-89D8-4662-8140-B107CFEA1A7B}
		{451B206C-51C9-4206-974F-023665952530} = {E16BE114-B6F8-4454-B095-A4EF97B9023B}
		{37F6AE3F-DC2D-4583-B6FE-BF29B04DEEF7} = {9C527B2A-BE56-429F-B609-8BD3F2B7CF06}
		{6D65180C-B738-4E2E-A33D-9698F3AC337D} = {8564EC90-9FCD-4AA5-9AD3-AFA8D6B99E9E}
		{0020EFBA-8E2E-42CF-8EB5-01B62CF18047} = {FC3B16D0-D233-4D9F-82D8-9B85FD7D5454}
		{FCC45474-0213-4425-A7ED-8F17BCECEAF5} = {0F71B3D6-EB3F-4F5D-AA81-54A7F418D23D}
		{D0F9762A-98D6-42E3-AECD-90B21614241F} = {FCC45474-0213-4425-A7ED-8F17BCECEAF5}
		{4841B7BC-893A-470F-9409-956EBD72FC30} = {FCC45474-0213-4425-A7ED-8F17BCECEAF5}
		{09B0FCC3-0E4E-49A5-9C90-3486FF87E8E3} = {FCC45474-0213-4425-A7ED-8F17BCECEAF5}
		{28AE6AAD-5E28-4F8A-93E9-62FB2C78369C} = {FCC45474-0213-4425-A7ED-8F17BCECEAF5}
		{F4210F4B-09E6-451B-B9F7-D2C1B8ED3538} = {D0F9762A-98D6-42E3-AECD-90B21614241F}
		{CF23BCAC-11FD-4C20-B27A-60AD9C204B7E} = {4841B7BC-893A-470F-9409-956EBD72FC30}
		{BCA5F03F-59FF-4D1E-B0F8-33CA46F5A5F7} = {09B0FCC3-0E4E-49A5-9C90-3486FF87E8E3}
		{0AE888E8-38C6-4126-AA06-5558459190C9} = {28AE6AAD-5E28-4F8A-93E9-62FB2C78369C}
	EndGlobalSection
EndGlobal
