
Microsoft Visual Studio Solution File, Format Version 12.00
# Visual Studio Version 17
VisualStudioVersion = 17.12.35707.178 d17.12
MinimumVisualStudioVersion = 10.0.40219.1
Project("{2150E333-8FDC-42A3-9474-1A3956D46DE8}") = "Microservices", "Microservices", "{0F71B3D6-EB3F-4F5D-AA81-54A7F418D23D}"
EndProject
Project("{2150E333-8FDC-42A3-9474-1A3956D46DE8}") = "Domain", "Domain", "{FFAD0756-AFC7-490A-87EB-42748CE695D2}"
EndProject
Project("{2150E333-8FDC-42A3-9474-1A3956D46DE8}") = "Infra.Bus", "Infra.Bus", "{CD1DBF01-40AB-4A19-B798-2678DA983304}"
EndProject
Project("{2150E333-8FDC-42A3-9474-1A3956D46DE8}") = "Infra.IoC", "Infra.IoC", "{ADEDA363-CAB2-43D1-8D9B-9E06F3C1CA69}"
EndProject
Project("{2150E333-8FDC-42A3-9474-1A3956D46DE8}") = "Presentation", "Presentation", "{0BBCA350-3754-44E4-A971-C2D640260252}"
EndProject
Project("{FAE04EC0-301F-11D3-BF4B-00C04F79EFBC}") = "MicroserviceForRabbitMQ.Domain.Core", "MicroserviceForRabbitMQ.Domain.Core\MicroserviceForRabbitMQ.Domain.Core.csproj", "{60248C08-01F0-4001-9768-3627D075E7B9}"
EndProject
Project("{FAE04EC0-301F-11D3-BF4B-00C04F79EFBC}") = "MicroserviceForRabbitMQ.Infra.Bus", "MicroserviceForRabbitMQ.Infra.Bus\MicroserviceForRabbitMQ.Infra.Bus.csproj", "{C0C96A7B-B286-4D6E-902D-747A423DA39D}"
EndProject
Project("{FAE04EC0-301F-11D3-BF4B-00C04F79EFBC}") = "MicroserviceForRabbitMQ.Infra.IoC", "MicroserviceForRabbitMQ.Infra.IoC\MicroserviceForRabbitMQ.Infra.IoC.csproj", "{E8E62CB2-DC41-4605-B83A-52AF10640791}"
EndProject
Global
	GlobalSection(SolutionConfigurationPlatforms) = preSolution
		Debug|Any CPU = Debug|Any CPU
		Release|Any CPU = Release|Any CPU
	EndGlobalSection
	GlobalSection(ProjectConfigurationPlatforms) = postSolution
		{60248C08-01F0-4001-9768-3627D075E7B9}.Debug|Any CPU.ActiveCfg = Debug|Any CPU
		{60248C08-01F0-4001-9768-3627D075E7B9}.Debug|Any CPU.Build.0 = Debug|Any CPU
		{60248C08-01F0-4001-9768-3627D075E7B9}.Release|Any CPU.ActiveCfg = Release|Any CPU
		{60248C08-01F0-4001-9768-3627D075E7B9}.Release|Any CPU.Build.0 = Release|Any CPU
		{C0C96A7B-B286-4D6E-902D-747A423DA39D}.Debug|Any CPU.ActiveCfg = Debug|Any CPU
		{C0C96A7B-B286-4D6E-902D-747A423DA39D}.Debug|Any CPU.Build.0 = Debug|Any CPU
		{C0C96A7B-B286-4D6E-902D-747A423DA39D}.Release|Any CPU.ActiveCfg = Release|Any CPU
		{C0C96A7B-B286-4D6E-902D-747A423DA39D}.Release|Any CPU.Build.0 = Release|Any CPU
		{E8E62CB2-DC41-4605-B83A-52AF10640791}.Debug|Any CPU.ActiveCfg = Debug|Any CPU
		{E8E62CB2-DC41-4605-B83A-52AF10640791}.Debug|Any CPU.Build.0 = Debug|Any CPU
		{E8E62CB2-DC41-4605-B83A-52AF10640791}.Release|Any CPU.ActiveCfg = Release|Any CPU
		{E8E62CB2-DC41-4605-B83A-52AF10640791}.Release|Any CPU.Build.0 = Release|Any CPU
	EndGlobalSection
	GlobalSection(SolutionProperties) = preSolution
		HideSolutionNode = FALSE
	EndGlobalSection
	GlobalSection(NestedProjects) = preSolution
		{60248C08-01F0-4001-9768-3627D075E7B9} = {FFAD0756-AFC7-490A-87EB-42748CE695D2}
		{C0C96A7B-B286-4D6E-902D-747A423DA39D} = {CD1DBF01-40AB-4A19-B798-2678DA983304}
		{E8E62CB2-DC41-4605-B83A-52AF10640791} = {ADEDA363-CAB2-43D1-8D9B-9E06F3C1CA69}
	EndGlobalSection
EndGlobal
